
Microsoft Visual Studio Solution File, Format Version 12.00
# Visual Studio Version 17
VisualStudioVersion = 17.0.31903.59
MinimumVisualStudioVersion = 10.0.40219.1
Project("{FAE04EC0-301F-11D3-BF4B-00C04F79EFBC}") = "Encore.Api", "Encore.Api\Encore.Api.csproj", "{ED1A34D8-146D-45DF-B9AD-46B206358F28}"
EndProject
Project("{FAE04EC0-301F-11D3-BF4B-00C04F79EFBC}") = "Encore.Api.Tests", "Encore.Api.Tests\Encore.Api.Tests.csproj", "{C0E42B27-FB8B-4C7C-B955-9E486046BA4F}"
EndProject
Global
	GlobalSection(SolutionConfigurationPlatforms) = preSolution
		Debug|Any CPU = Debug|Any CPU
		Debug|x64 = Debug|x64
		Debug|x86 = Debug|x86
		Release|Any CPU = Release|Any CPU
		Release|x64 = Release|x64
		Release|x86 = Release|x86
	EndGlobalSection
	GlobalSection(ProjectConfigurationPlatforms) = postSolution
		{ED1A34D8-146D-45DF-B9AD-46B206358F28}.Debug|Any CPU.ActiveCfg = Debug|Any CPU
		{ED1A34D8-146D-45DF-B9AD-46B206358F28}.Debug|Any CPU.Build.0 = Debug|Any CPU
		{ED1A34D8-146D-45DF-B9AD-46B206358F28}.Debug|x64.ActiveCfg = Debug|Any CPU
		{ED1A34D8-146D-45DF-B9AD-46B206358F28}.Debug|x64.Build.0 = Debug|Any CPU
		{ED1A34D8-146D-45DF-B9AD-46B206358F28}.Debug|x86.ActiveCfg = Debug|Any CPU
		{ED1A34D8-146D-45DF-B9AD-46B206358F28}.Debug|x86.Build.0 = Debug|Any CPU
		{ED1A34D8-146D-45DF-B9AD-46B206358F28}.Release|Any CPU.ActiveCfg = Release|Any CPU
		{ED1A34D8-146D-45DF-B9AD-46B206358F28}.Release|Any CPU.Build.0 = Release|Any CPU
		{ED1A34D8-146D-45DF-B9AD-46B206358F28}.Release|x64.ActiveCfg = Release|Any CPU
		{ED1A34D8-146D-45DF-B9AD-46B206358F28}.Release|x64.Build.0 = Release|Any CPU
		{ED1A34D8-146D-45DF-B9AD-46B206358F28}.Release|x86.ActiveCfg = Release|Any CPU
		{ED1A34D8-146D-45DF-B9AD-46B206358F28}.Release|x86.Build.0 = Release|Any CPU
		{C0E42B27-FB8B-4C7C-B955-9E486046BA4F}.Debug|Any CPU.ActiveCfg = Debug|Any CPU
		{C0E42B27-FB8B-4C7C-B955-9E486046BA4F}.Debug|Any CPU.Build.0 = Debug|Any CPU
		{C0E42B27-FB8B-4C7C-B955-9E486046BA4F}.Debug|x64.ActiveCfg = Debug|Any CPU
		{C0E42B27-FB8B-4C7C-B955-9E486046BA4F}.Debug|x64.Build.0 = Debug|Any CPU
		{C0E42B27-FB8B-4C7C-B955-9E486046BA4F}.Debug|x86.ActiveCfg = Debug|Any CPU
		{C0E42B27-FB8B-4C7C-B955-9E486046BA4F}.Debug|x86.Build.0 = Debug|Any CPU
		{C0E42B27-FB8B-4C7C-B955-9E486046BA4F}.Release|Any CPU.ActiveCfg = Release|Any CPU
		{C0E42B27-FB8B-4C7C-B955-9E486046BA4F}.Release|Any CPU.Build.0 = Release|Any CPU
		{C0E42B27-FB8B-4C7C-B955-9E486046BA4F}.Release|x64.ActiveCfg = Release|Any CPU
		{C0E42B27-FB8B-4C7C-B955-9E486046BA4F}.Release|x64.Build.0 = Release|Any CPU
		{C0E42B27-FB8B-4C7C-B955-9E486046BA4F}.Release|x86.ActiveCfg = Release|Any CPU
		{C0E42B27-FB8B-4C7C-B955-9E486046BA4F}.Release|x86.Build.0 = Release|Any CPU
	EndGlobalSection
	GlobalSection(SolutionProperties) = preSolution
		HideSolutionNode = FALSE
	EndGlobalSection
EndGlobal
